
Microsoft Visual Studio Solution File, Format Version 12.00
# Visual Studio 2012
Project("{8BC9CEB8-8B4A-11D0-8D11-00A0C91BC942}") = "Traveling Salesman Problem (ega)", "Traveling Salesman Problem (ega)\Traveling Salesman Problem (ega).vcxproj", "{287CADE2-E053-417C-9E9F-CE82B326DEF0}"
EndProject
Global
	GlobalSection(SolutionConfigurationPlatforms) = preSolution
		Debug|Win32 = Debug|Win32
		Release|Win32 = Release|Win32
	EndGlobalSection
	GlobalSection(ProjectConfigurationPlatforms) = postSolution
		{287CADE2-E053-417C-9E9F-CE82B326DEF0}.Debug|Win32.ActiveCfg = Debug|Win32
		{287CADE2-E053-417C-9E9F-CE82B326DEF0}.Debug|Win32.Build.0 = Debug|Win32
		{287CADE2-E053-417C-9E9F-CE82B326DEF0}.Release|Win32.ActiveCfg = Release|Win32
		{287CADE2-E053-417C-9E9F-CE82B326DEF0}.Release|Win32.Build.0 = Release|Win32
	EndGlobalSection
	GlobalSection(SolutionProperties) = preSolution
		HideSolutionNode = FALSE
	EndGlobalSection
EndGlobal
